
Microsoft Visual Studio Solution File, Format Version 12.00
# Visual Studio 15
VisualStudioVersion = 15.0.27130.2027
MinimumVisualStudioVersion = 10.0.40219.1
Project("{FAE04EC0-301F-11D3-BF4B-00C04F79EFBC}") = "DeliveryService", "DeliveryService\DeliveryService.csproj", "{360360EA-FD04-4AC1-9E7D-E179542C15FE}"
EndProject
Project("{FAE04EC0-301F-11D3-BF4B-00C04F79EFBC}") = "DeliveryService_uTest", "DeliveryService_uTest\DeliveryService_uTest.csproj", "{1BA64764-35DA-4F49-B5C4-4C236931FE9D}"
EndProject
Project("{FAE04EC0-301F-11D3-BF4B-00C04F79EFBC}") = "DeliveryService_iTest", "DeliveryService_iTest\DeliveryService_iTest.csproj", "{4C26A9FB-D2F4-4EA5-924B-7704B885618C}"
EndProject
Global
	GlobalSection(SolutionConfigurationPlatforms) = preSolution
		Debug|Any CPU = Debug|Any CPU
		Debug|x64 = Debug|x64
		Debug|x86 = Debug|x86
		Release|Any CPU = Release|Any CPU
		Release|x64 = Release|x64
		Release|x86 = Release|x86
	EndGlobalSection
	GlobalSection(ProjectConfigurationPlatforms) = postSolution
		{360360EA-FD04-4AC1-9E7D-E179542C15FE}.Debug|Any CPU.ActiveCfg = Debug|Any CPU
		{360360EA-FD04-4AC1-9E7D-E179542C15FE}.Debug|Any CPU.Build.0 = Debug|Any CPU
		{360360EA-FD04-4AC1-9E7D-E179542C15FE}.Debug|x64.ActiveCfg = Debug|x64
		{360360EA-FD04-4AC1-9E7D-E179542C15FE}.Debug|x64.Build.0 = Debug|x64
		{360360EA-FD04-4AC1-9E7D-E179542C15FE}.Debug|x86.ActiveCfg = Debug|x86
		{360360EA-FD04-4AC1-9E7D-E179542C15FE}.Debug|x86.Build.0 = Debug|x86
		{360360EA-FD04-4AC1-9E7D-E179542C15FE}.Release|Any CPU.ActiveCfg = Release|Any CPU
		{360360EA-FD04-4AC1-9E7D-E179542C15FE}.Release|Any CPU.Build.0 = Release|Any CPU
		{360360EA-FD04-4AC1-9E7D-E179542C15FE}.Release|x64.ActiveCfg = Release|x64
		{360360EA-FD04-4AC1-9E7D-E179542C15FE}.Release|x64.Build.0 = Release|x64
		{360360EA-FD04-4AC1-9E7D-E179542C15FE}.Release|x86.ActiveCfg = Release|x86
		{1BA64764-35DA-4F49-B5C4-4C236931FE9D}.Debug|Any CPU.ActiveCfg = Debug|Any CPU
		{1BA64764-35DA-4F49-B5C4-4C236931FE9D}.Debug|Any CPU.Build.0 = Debug|Any CPU
		{1BA64764-35DA-4F49-B5C4-4C236931FE9D}.Debug|x64.ActiveCfg = Debug|x64
		{1BA64764-35DA-4F49-B5C4-4C236931FE9D}.Debug|x64.Build.0 = Debug|x64
		{1BA64764-35DA-4F49-B5C4-4C236931FE9D}.Debug|x86.ActiveCfg = Debug|x64
		{1BA64764-35DA-4F49-B5C4-4C236931FE9D}.Debug|x86.Build.0 = Debug|x64
		{1BA64764-35DA-4F49-B5C4-4C236931FE9D}.Release|Any CPU.ActiveCfg = Release|Any CPU
		{1BA64764-35DA-4F49-B5C4-4C236931FE9D}.Release|Any CPU.Build.0 = Release|Any CPU
		{1BA64764-35DA-4F49-B5C4-4C236931FE9D}.Release|x64.ActiveCfg = Release|x64
		{1BA64764-35DA-4F49-B5C4-4C236931FE9D}.Release|x64.Build.0 = Release|x64
		{1BA64764-35DA-4F49-B5C4-4C236931FE9D}.Release|x86.ActiveCfg = Release|x86
		{1BA64764-35DA-4F49-B5C4-4C236931FE9D}.Release|x86.Build.0 = Release|x86
		{4C26A9FB-D2F4-4EA5-924B-7704B885618C}.Debug|Any CPU.ActiveCfg = Debug|Any CPU
		{4C26A9FB-D2F4-4EA5-924B-7704B885618C}.Debug|Any CPU.Build.0 = Debug|Any CPU
		{4C26A9FB-D2F4-4EA5-924B-7704B885618C}.Debug|x64.ActiveCfg = Debug|Any CPU
		{4C26A9FB-D2F4-4EA5-924B-7704B885618C}.Debug|x64.Build.0 = Debug|Any CPU
		{4C26A9FB-D2F4-4EA5-924B-7704B885618C}.Debug|x86.ActiveCfg = Debug|Any CPU
		{4C26A9FB-D2F4-4EA5-924B-7704B885618C}.Debug|x86.Build.0 = Debug|Any CPU
		{4C26A9FB-D2F4-4EA5-924B-7704B885618C}.Release|Any CPU.ActiveCfg = Release|Any CPU
		{4C26A9FB-D2F4-4EA5-924B-7704B885618C}.Release|Any CPU.Build.0 = Release|Any CPU
		{4C26A9FB-D2F4-4EA5-924B-7704B885618C}.Release|x64.ActiveCfg = Release|Any CPU
		{4C26A9FB-D2F4-4EA5-924B-7704B885618C}.Release|x64.Build.0 = Release|Any CPU
		{4C26A9FB-D2F4-4EA5-924B-7704B885618C}.Release|x86.ActiveCfg = Release|Any CPU
		{4C26A9FB-D2F4-4EA5-924B-7704B885618C}.Release|x86.Build.0 = Release|Any CPU
	EndGlobalSection
	GlobalSection(SolutionProperties) = preSolution
		HideSolutionNode = FALSE
	EndGlobalSection
	GlobalSection(ExtensibilityGlobals) = postSolution
		SolutionGuid = {E871DF5F-D9D9-4499-B6CC-7E50C95DE5A1}
	EndGlobalSection
EndGlobal
